
Microsoft Visual Studio Solution File, Format Version 12.00
# Visual Studio Version 18
VisualStudioVersion = 18.0.11205.157 d18.0
MinimumVisualStudioVersion = 10.0.40219.1
Project("{2150E333-8FDC-42A3-9474-1A3956D46DE8}") = "Clase 1 y 2 - Tipos de Datos - Estructuras de Control", "Clase 1 y 2 - Tipos de Datos - Estructuras de Control", "{02EA681E-C7D8-13C7-8484-4AC65E1B71E8}"
EndProject
Project("{2150E333-8FDC-42A3-9474-1A3956D46DE8}") = "Clase 3 - Funciones", "Clase 3 - Funciones", "{542E1675-B2F1-4F39-9BB6-CCA60F6D5BCF}"
EndProject
Project("{2150E333-8FDC-42A3-9474-1A3956D46DE8}") = "Clase 4 - Colecciones", "Clase 4 - Colecciones", "{FB20A581-21B3-4794-8F7A-55F8CEE1D277}"
EndProject
Project("{2150E333-8FDC-42A3-9474-1A3956D46DE8}") = "Clase 5 y 6 - POO", "Clase 5 y 6 - POO", "{F9D452B1-62CD-42B8-9AA6-FA15DF212027}"
EndProject
Project("{FAE04EC0-301F-11D3-BF4B-00C04F79EFBC}") = "Clase2_Ejemplos_ConsoleApp", "Clase2_Ejemplos_ConsoleApp\Clase2_Ejemplos_ConsoleApp.csproj", "{8D808DA0-25C8-4651-A6E8-9028959EBAA8}"
EndProject
Project("{FAE04EC0-301F-11D3-BF4B-00C04F79EFBC}") = "Clase3_EjemploFunciones_ConsoleApp", "Clase3_EjemplosDeFunciones_ConsoleApp\Clase3_EjemploFunciones_ConsoleApp.csproj", "{10AEACA3-9CB7-4F41-9B02-590627D67686}"
EndProject
Project("{FAE04EC0-301F-11D3-BF4B-00C04F79EFBC}") = "Clase3_EjemploController_WebAPI", "Clase3_EjemploController_WebAPI\Clase3_EjemploController_WebAPI.csproj", "{EE0D551B-BC27-4DF1-BAF3-C556E8223BC4}"
EndProject
Project("{FAE04EC0-301F-11D3-BF4B-00C04F79EFBC}") = "Clase4_EjemploColecciones_ConsoleApp", "Clase4_EjemploColecciones_ConsoleApp\Clase4_EjemploColecciones_ConsoleApp.csproj", "{D0D65560-FE85-44E5-AE60-221EAA4C9B79}"
EndProject
Project("{FAE04EC0-301F-11D3-BF4B-00C04F79EFBC}") = "Clase5_EjemploPOO_WebAPI", "Clase5_EjemploPOO_WebAPI\Clase5_EjemploPOO_WebAPI.csproj", "{E0C5505F-D89E-4862-9928-76656D678ADD}"
EndProject
Project("{2150E333-8FDC-42A3-9474-1A3956D46DE8}") = "Clase 7 y 8 - Entity Framework", "Clase 7 y 8 - Entity Framework", "{FC372DA9-0CAE-4A98-ADD0-62C58122FFDF}"
EndProject
Project("{FAE04EC0-301F-11D3-BF4B-00C04F79EFBC}") = "Bootcamp.BusinessLayer", "Bootcamp.BusinessLayer\Bootcamp.BusinessLayer.csproj", "{8BC0572D-B60B-472A-BB40-B583A2BB0AAB}"
EndProject
Project("{FAE04EC0-301F-11D3-BF4B-00C04F79EFBC}") = "Bootcamp.DataAccessLayer", "Bootcamp.DataAccessLayer\Bootcamp.DataAccessLayer.csproj", "{4E4FC1B4-E9F6-4988-BBA0-51EE29D88F97}"
EndProject
Project("{FAE04EC0-301F-11D3-BF4B-00C04F79EFBC}") = "Bootcamp.API", "Bootcamp.API\Bootcamp.API.csproj", "{E90CBD04-DAB3-4816-B7B3-862E80681A0E}"
EndProject
Project("{2150E333-8FDC-42A3-9474-1A3956D46DE8}") = "Clase 9 y 10", "Clase 9 y 10", "{C4BE5EDD-6032-4DEE-9311-02B3232FBF7B}"
EndProject
Project("{FAE04EC0-301F-11D3-BF4B-00C04F79EFBC}") = "Clase9.DAL", "Clase9.DAL\Clase9.DAL.csproj", "{BF748ECA-E8C9-4E7A-A4FE-1DF41F31F00F}"
EndProject
Project("{FAE04EC0-301F-11D3-BF4B-00C04F79EFBC}") = "Clase9.BL", "Clase9.BL\Clase9.BL.csproj", "{A2892795-E4BE-4493-B963-B784C40ECCDB}"
EndProject
Project("{FAE04EC0-301F-11D3-BF4B-00C04F79EFBC}") = "Clase9.WebAPI", "Clase9.WebAPI\Clase9.WebAPI.csproj", "{48A83D8B-E305-40FB-A105-D6FCEE0787A7}"
EndProject
Global
	GlobalSection(SolutionConfigurationPlatforms) = preSolution
		Debug|Any CPU = Debug|Any CPU
		Release|Any CPU = Release|Any CPU
	EndGlobalSection
	GlobalSection(ProjectConfigurationPlatforms) = postSolution
		{8D808DA0-25C8-4651-A6E8-9028959EBAA8}.Debug|Any CPU.ActiveCfg = Debug|Any CPU
		{8D808DA0-25C8-4651-A6E8-9028959EBAA8}.Debug|Any CPU.Build.0 = Debug|Any CPU
		{8D808DA0-25C8-4651-A6E8-9028959EBAA8}.Release|Any CPU.ActiveCfg = Release|Any CPU
		{8D808DA0-25C8-4651-A6E8-9028959EBAA8}.Release|Any CPU.Build.0 = Release|Any CPU
		{10AEACA3-9CB7-4F41-9B02-590627D67686}.Debug|Any CPU.ActiveCfg = Debug|Any CPU
		{10AEACA3-9CB7-4F41-9B02-590627D67686}.Debug|Any CPU.Build.0 = Debug|Any CPU
		{10AEACA3-9CB7-4F41-9B02-590627D67686}.Release|Any CPU.ActiveCfg = Release|Any CPU
		{10AEACA3-9CB7-4F41-9B02-590627D67686}.Release|Any CPU.Build.0 = Release|Any CPU
		{EE0D551B-BC27-4DF1-BAF3-C556E8223BC4}.Debug|Any CPU.ActiveCfg = Debug|Any CPU
		{EE0D551B-BC27-4DF1-BAF3-C556E8223BC4}.Debug|Any CPU.Build.0 = Debug|Any CPU
		{EE0D551B-BC27-4DF1-BAF3-C556E8223BC4}.Release|Any CPU.ActiveCfg = Release|Any CPU
		{EE0D551B-BC27-4DF1-BAF3-C556E8223BC4}.Release|Any CPU.Build.0 = Release|Any CPU
		{D0D65560-FE85-44E5-AE60-221EAA4C9B79}.Debug|Any CPU.ActiveCfg = Debug|Any CPU
		{D0D65560-FE85-44E5-AE60-221EAA4C9B79}.Debug|Any CPU.Build.0 = Debug|Any CPU
		{D0D65560-FE85-44E5-AE60-221EAA4C9B79}.Release|Any CPU.ActiveCfg = Release|Any CPU
		{D0D65560-FE85-44E5-AE60-221EAA4C9B79}.Release|Any CPU.Build.0 = Release|Any CPU
		{E0C5505F-D89E-4862-9928-76656D678ADD}.Debug|Any CPU.ActiveCfg = Debug|Any CPU
		{E0C5505F-D89E-4862-9928-76656D678ADD}.Debug|Any CPU.Build.0 = Debug|Any CPU
		{E0C5505F-D89E-4862-9928-76656D678ADD}.Release|Any CPU.ActiveCfg = Release|Any CPU
		{E0C5505F-D89E-4862-9928-76656D678ADD}.Release|Any CPU.Build.0 = Release|Any CPU
		{8BC0572D-B60B-472A-BB40-B583A2BB0AAB}.Debug|Any CPU.ActiveCfg = Debug|Any CPU
		{8BC0572D-B60B-472A-BB40-B583A2BB0AAB}.Debug|Any CPU.Build.0 = Debug|Any CPU
		{8BC0572D-B60B-472A-BB40-B583A2BB0AAB}.Release|Any CPU.ActiveCfg = Release|Any CPU
		{8BC0572D-B60B-472A-BB40-B583A2BB0AAB}.Release|Any CPU.Build.0 = Release|Any CPU
		{4E4FC1B4-E9F6-4988-BBA0-51EE29D88F97}.Debug|Any CPU.ActiveCfg = Debug|Any CPU
		{4E4FC1B4-E9F6-4988-BBA0-51EE29D88F97}.Debug|Any CPU.Build.0 = Debug|Any CPU
		{4E4FC1B4-E9F6-4988-BBA0-51EE29D88F97}.Release|Any CPU.ActiveCfg = Release|Any CPU
		{4E4FC1B4-E9F6-4988-BBA0-51EE29D88F97}.Release|Any CPU.Build.0 = Release|Any CPU
		{E90CBD04-DAB3-4816-B7B3-862E80681A0E}.Debug|Any CPU.ActiveCfg = Debug|Any CPU
		{E90CBD04-DAB3-4816-B7B3-862E80681A0E}.Debug|Any CPU.Build.0 = Debug|Any CPU
		{E90CBD04-DAB3-4816-B7B3-862E80681A0E}.Release|Any CPU.ActiveCfg = Release|Any CPU
		{E90CBD04-DAB3-4816-B7B3-862E80681A0E}.Release|Any CPU.Build.0 = Release|Any CPU
		{BF748ECA-E8C9-4E7A-A4FE-1DF41F31F00F}.Debug|Any CPU.ActiveCfg = Debug|Any CPU
		{BF748ECA-E8C9-4E7A-A4FE-1DF41F31F00F}.Debug|Any CPU.Build.0 = Debug|Any CPU
		{BF748ECA-E8C9-4E7A-A4FE-1DF41F31F00F}.Release|Any CPU.ActiveCfg = Release|Any CPU
		{BF748ECA-E8C9-4E7A-A4FE-1DF41F31F00F}.Release|Any CPU.Build.0 = Release|Any CPU
		{A2892795-E4BE-4493-B963-B784C40ECCDB}.Debug|Any CPU.ActiveCfg = Debug|Any CPU
		{A2892795-E4BE-4493-B963-B784C40ECCDB}.Debug|Any CPU.Build.0 = Debug|Any CPU
		{A2892795-E4BE-4493-B963-B784C40ECCDB}.Release|Any CPU.ActiveCfg = Release|Any CPU
		{A2892795-E4BE-4493-B963-B784C40ECCDB}.Release|Any CPU.Build.0 = Release|Any CPU
		{48A83D8B-E305-40FB-A105-D6FCEE0787A7}.Debug|Any CPU.ActiveCfg = Debug|Any CPU
		{48A83D8B-E305-40FB-A105-D6FCEE0787A7}.Debug|Any CPU.Build.0 = Debug|Any CPU
		{48A83D8B-E305-40FB-A105-D6FCEE0787A7}.Release|Any CPU.ActiveCfg = Release|Any CPU
		{48A83D8B-E305-40FB-A105-D6FCEE0787A7}.Release|Any CPU.Build.0 = Release|Any CPU
	EndGlobalSection
	GlobalSection(SolutionProperties) = preSolution
		HideSolutionNode = FALSE
	EndGlobalSection
	GlobalSection(NestedProjects) = preSolution
		{8D808DA0-25C8-4651-A6E8-9028959EBAA8} = {02EA681E-C7D8-13C7-8484-4AC65E1B71E8}
		{10AEACA3-9CB7-4F41-9B02-590627D67686} = {542E1675-B2F1-4F39-9BB6-CCA60F6D5BCF}
		{EE0D551B-BC27-4DF1-BAF3-C556E8223BC4} = {542E1675-B2F1-4F39-9BB6-CCA60F6D5BCF}
		{D0D65560-FE85-44E5-AE60-221EAA4C9B79} = {FB20A581-21B3-4794-8F7A-55F8CEE1D277}
		{E0C5505F-D89E-4862-9928-76656D678ADD} = {F9D452B1-62CD-42B8-9AA6-FA15DF212027}
		{8BC0572D-B60B-472A-BB40-B583A2BB0AAB} = {FC372DA9-0CAE-4A98-ADD0-62C58122FFDF}
		{4E4FC1B4-E9F6-4988-BBA0-51EE29D88F97} = {FC372DA9-0CAE-4A98-ADD0-62C58122FFDF}
		{E90CBD04-DAB3-4816-B7B3-862E80681A0E} = {FC372DA9-0CAE-4A98-ADD0-62C58122FFDF}
		{BF748ECA-E8C9-4E7A-A4FE-1DF41F31F00F} = {C4BE5EDD-6032-4DEE-9311-02B3232FBF7B}
		{A2892795-E4BE-4493-B963-B784C40ECCDB} = {C4BE5EDD-6032-4DEE-9311-02B3232FBF7B}
		{48A83D8B-E305-40FB-A105-D6FCEE0787A7} = {C4BE5EDD-6032-4DEE-9311-02B3232FBF7B}
	EndGlobalSection
	GlobalSection(ExtensibilityGlobals) = postSolution
		SolutionGuid = {6F13CC36-FC16-4632-857D-530FB0805CD0}
	EndGlobalSection
EndGlobal
